
Microsoft Visual Studio Solution File, Format Version 12.00
# Visual Studio Version 17
VisualStudioVersion = 17.14.36429.23
MinimumVisualStudioVersion = 10.0.40219.1
Project("{FAE04EC0-301F-11D3-BF4B-00C04F79EFBC}") = "ESportApp", "ESportApp\ESportApp.csproj", "{8531A2A2-298A-4981-98AB-CC9AB2738301}"
EndProject
Project("{FAE04EC0-301F-11D3-BF4B-00C04F79EFBC}") = "DataSeries", "DataSeries\DataSeries.csproj", "{876E8823-D291-4257-BA27-7F401A80E813}"
EndProject
Global
	GlobalSection(SolutionConfigurationPlatforms) = preSolution
		Debug|Any CPU = Debug|Any CPU
		Release|Any CPU = Release|Any CPU
	EndGlobalSection
	GlobalSection(ProjectConfigurationPlatforms) = postSolution
		{8531A2A2-298A-4981-98AB-CC9AB2738301}.Debug|Any CPU.ActiveCfg = Debug|Any CPU
		{8531A2A2-298A-4981-98AB-CC9AB2738301}.Debug|Any CPU.Build.0 = Debug|Any CPU
		{8531A2A2-298A-4981-98AB-CC9AB2738301}.Release|Any CPU.ActiveCfg = Release|Any CPU
		{8531A2A2-298A-4981-98AB-CC9AB2738301}.Release|Any CPU.Build.0 = Release|Any CPU
		{876E8823-D291-4257-BA27-7F401A80E813}.Debug|Any CPU.ActiveCfg = Debug|Any CPU
		{876E8823-D291-4257-BA27-7F401A80E813}.Debug|Any CPU.Build.0 = Debug|Any CPU
		{876E8823-D291-4257-BA27-7F401A80E813}.Release|Any CPU.ActiveCfg = Release|Any CPU
		{876E8823-D291-4257-BA27-7F401A80E813}.Release|Any CPU.Build.0 = Release|Any CPU
	EndGlobalSection
	GlobalSection(SolutionProperties) = preSolution
		HideSolutionNode = FALSE
	EndGlobalSection
	GlobalSection(ExtensibilityGlobals) = postSolution
		SolutionGuid = {D7530CBC-0E21-48A8-98AB-41AD5BAB5E5F}
	EndGlobalSection
EndGlobal
